<Solution>
  <Project Path="DigitalAllianceTogo.Application/DigitalAllianceTogo.Application.csproj" />
  <Project Path="DigitalAllianceTogo.Domain/DigitalAllianceTogo.Domain.csproj" />
  <Project Path="DigitalAllianceTogo.Infrastructure/DigitalAllianceTogo.Infrastructure.csproj" />
  <Project Path="DigitalAllianceTogo.ReactApplication/digitalalliancetogo.reactapplication.esproj">
    <Build />
    <Deploy />
  </Project>
  <Project Path="DigitalAllianceTogo/DigitalAllianceTogo.csproj" />
</Solution>
